
Microsoft Visual Studio Solution File, Format Version 12.00
# Visual Studio 15
Project("{FAE04EC0-301F-11D3-BF4B-00C04F79EFBC}") = "Assembly-CSharp-firstpass", "Assembly-CSharp-firstpass.csproj", "{0A8DB23A-EE34-83CD-FF91-D269046BBB48}"
EndProject
Project("{FAE04EC0-301F-11D3-BF4B-00C04F79EFBC}") = "Assembly-CSharp", "Assembly-CSharp.csproj", "{8C4CA05E-7B25-C8B6-D2E1-EEC9F1AFF636}"
EndProject
Project("{FAE04EC0-301F-11D3-BF4B-00C04F79EFBC}") = "Assembly-CSharp-Editor-firstpass", "Assembly-CSharp-Editor-firstpass.csproj", "{1D9322F2-5935-73FE-9AFF-361E0A93CD60}"
EndProject
Project("{FAE04EC0-301F-11D3-BF4B-00C04F79EFBC}") = "Assembly-CSharp-Editor", "Assembly-CSharp-Editor.csproj", "{5A0EED7B-6F06-A016-88A1-BCE42D2DB61C}"
EndProject
Global
	GlobalSection(SolutionConfigurationPlatforms) = preSolution
		Debug|Any CPU = Debug|Any CPU
		Release|Any CPU = Release|Any CPU
	EndGlobalSection
	GlobalSection(ProjectConfigurationPlatforms) = postSolution
		{0A8DB23A-EE34-83CD-FF91-D269046BBB48}.Debug|Any CPU.ActiveCfg = Debug|Any CPU
		{0A8DB23A-EE34-83CD-FF91-D269046BBB48}.Debug|Any CPU.Build.0 = Debug|Any CPU
		{0A8DB23A-EE34-83CD-FF91-D269046BBB48}.Release|Any CPU.ActiveCfg = Release|Any CPU
		{0A8DB23A-EE34-83CD-FF91-D269046BBB48}.Release|Any CPU.Build.0 = Release|Any CPU
		{8C4CA05E-7B25-C8B6-D2E1-EEC9F1AFF636}.Debug|Any CPU.ActiveCfg = Debug|Any CPU
		{8C4CA05E-7B25-C8B6-D2E1-EEC9F1AFF636}.Debug|Any CPU.Build.0 = Debug|Any CPU
		{8C4CA05E-7B25-C8B6-D2E1-EEC9F1AFF636}.Release|Any CPU.ActiveCfg = Release|Any CPU
		{8C4CA05E-7B25-C8B6-D2E1-EEC9F1AFF636}.Release|Any CPU.Build.0 = Release|Any CPU
		{1D9322F2-5935-73FE-9AFF-361E0A93CD60}.Debug|Any CPU.ActiveCfg = Debug|Any CPU
		{1D9322F2-5935-73FE-9AFF-361E0A93CD60}.Debug|Any CPU.Build.0 = Debug|Any CPU
		{1D9322F2-5935-73FE-9AFF-361E0A93CD60}.Release|Any CPU.ActiveCfg = Release|Any CPU
		{1D9322F2-5935-73FE-9AFF-361E0A93CD60}.Release|Any CPU.Build.0 = Release|Any CPU
		{5A0EED7B-6F06-A016-88A1-BCE42D2DB61C}.Debug|Any CPU.ActiveCfg = Debug|Any CPU
		{5A0EED7B-6F06-A016-88A1-BCE42D2DB61C}.Debug|Any CPU.Build.0 = Debug|Any CPU
		{5A0EED7B-6F06-A016-88A1-BCE42D2DB61C}.Release|Any CPU.ActiveCfg = Release|Any CPU
		{5A0EED7B-6F06-A016-88A1-BCE42D2DB61C}.Release|Any CPU.Build.0 = Release|Any CPU
	EndGlobalSection
	GlobalSection(SolutionProperties) = preSolution
		HideSolutionNode = FALSE
	EndGlobalSection
EndGlobal
